
Microsoft Visual Studio Solution File, Format Version 10.00
# Visual Studio 2008
Project("{FAE04EC0-301F-11D3-BF4B-00C04F79EFBC}") = "punimi diplomes", "punimi diplomes\punimi diplomes.csproj", "{7320FFD8-4F1A-4F5C-A504-BCEE657F9E66}"
EndProject
Global
	GlobalSection(SolutionConfigurationPlatforms) = preSolution
		Debug|Any CPU = Debug|Any CPU
		Release|Any CPU = Release|Any CPU
	EndGlobalSection
	GlobalSection(ProjectConfigurationPlatforms) = postSolution
		{7320FFD8-4F1A-4F5C-A504-BCEE657F9E66}.Debug|Any CPU.ActiveCfg = Debug|Any CPU
		{7320FFD8-4F1A-4F5C-A504-BCEE657F9E66}.Debug|Any CPU.Build.0 = Debug|Any CPU
		{7320FFD8-4F1A-4F5C-A504-BCEE657F9E66}.Release|Any CPU.ActiveCfg = Release|Any CPU
		{7320FFD8-4F1A-4F5C-A504-BCEE657F9E66}.Release|Any CPU.Build.0 = Release|Any CPU
	EndGlobalSection
	GlobalSection(SolutionProperties) = preSolution
		HideSolutionNode = FALSE
	EndGlobalSection
EndGlobal
